
Microsoft Visual Studio Solution File, Format Version 12.00
# Visual Studio Version 17
VisualStudioVersion = 17.14.36310.24 d17.14
MinimumVisualStudioVersion = 10.0.40219.1
Project("{FAE04EC0-301F-11D3-BF4B-00C04F79EFBC}") = "Calculationlibrary", "Calculationlibrary\Calculationlibrary.csproj", "{8639DCE9-2291-4094-A403-D4BB5EC1C309}"
EndProject
Project("{FAE04EC0-301F-11D3-BF4B-00C04F79EFBC}") = "CalculationClient", "CalculationClient\CalculationClient.csproj", "{0D217F02-FF60-4EF4-8A17-B33326A35508}"
EndProject
Global
	GlobalSection(SolutionConfigurationPlatforms) = preSolution
		Debug|Any CPU = Debug|Any CPU
		Release|Any CPU = Release|Any CPU
	EndGlobalSection
	GlobalSection(ProjectConfigurationPlatforms) = postSolution
		{8639DCE9-2291-4094-A403-D4BB5EC1C309}.Debug|Any CPU.ActiveCfg = Debug|Any CPU
		{8639DCE9-2291-4094-A403-D4BB5EC1C309}.Debug|Any CPU.Build.0 = Debug|Any CPU
		{8639DCE9-2291-4094-A403-D4BB5EC1C309}.Release|Any CPU.ActiveCfg = Release|Any CPU
		{8639DCE9-2291-4094-A403-D4BB5EC1C309}.Release|Any CPU.Build.0 = Release|Any CPU
		{0D217F02-FF60-4EF4-8A17-B33326A35508}.Debug|Any CPU.ActiveCfg = Debug|Any CPU
		{0D217F02-FF60-4EF4-8A17-B33326A35508}.Debug|Any CPU.Build.0 = Debug|Any CPU
		{0D217F02-FF60-4EF4-8A17-B33326A35508}.Release|Any CPU.ActiveCfg = Release|Any CPU
		{0D217F02-FF60-4EF4-8A17-B33326A35508}.Release|Any CPU.Build.0 = Release|Any CPU
	EndGlobalSection
	GlobalSection(SolutionProperties) = preSolution
		HideSolutionNode = FALSE
	EndGlobalSection
	GlobalSection(ExtensibilityGlobals) = postSolution
		SolutionGuid = {2E0796CA-9F4C-4B3B-93BC-7D972B6339F8}
	EndGlobalSection
EndGlobal
