
Microsoft Visual Studio Solution File, Format Version 12.00
# Visual Studio Version 17
VisualStudioVersion = 17.14.36310.24 d17.14
MinimumVisualStudioVersion = 10.0.40219.1
Project("{FAE04EC0-301F-11D3-BF4B-00C04F79EFBC}") = "Delegates", "Training8\Delegates.csproj", "{F4D43505-DAB5-48D7-A6F2-D2D86012B3FC}"
EndProject
Global
	GlobalSection(SolutionConfigurationPlatforms) = preSolution
		Debug|Any CPU = Debug|Any CPU
		Release|Any CPU = Release|Any CPU
	EndGlobalSection
	GlobalSection(ProjectConfigurationPlatforms) = postSolution
		{F4D43505-DAB5-48D7-A6F2-D2D86012B3FC}.Debug|Any CPU.ActiveCfg = Debug|Any CPU
		{F4D43505-DAB5-48D7-A6F2-D2D86012B3FC}.Debug|Any CPU.Build.0 = Debug|Any CPU
		{F4D43505-DAB5-48D7-A6F2-D2D86012B3FC}.Release|Any CPU.ActiveCfg = Release|Any CPU
		{F4D43505-DAB5-48D7-A6F2-D2D86012B3FC}.Release|Any CPU.Build.0 = Release|Any CPU
	EndGlobalSection
	GlobalSection(SolutionProperties) = preSolution
		HideSolutionNode = FALSE
	EndGlobalSection
	GlobalSection(ExtensibilityGlobals) = postSolution
		SolutionGuid = {AB539549-BD23-4B50-A620-B2C9E6ECC824}
	EndGlobalSection
EndGlobal
